
Microsoft Visual Studio Solution File, Format Version 12.00
# Visual Studio Version 16
VisualStudioVersion = 16.0.31624.102
MinimumVisualStudioVersion = 10.0.40219.1
Project("{FAE04EC0-301F-11D3-BF4B-00C04F79EFBC}") = "SkillMatrix", "SkillMatrix\SkillMatrix.csproj", "{93C29593-E368-498D-BFA4-C695E3FB6D39}"
EndProject
Global
	GlobalSection(SolutionConfigurationPlatforms) = preSolution
		Debug|Any CPU = Debug|Any CPU
		Release|Any CPU = Release|Any CPU
	EndGlobalSection
	GlobalSection(ProjectConfigurationPlatforms) = postSolution
		{93C29593-E368-498D-BFA4-C695E3FB6D39}.Debug|Any CPU.ActiveCfg = Debug|Any CPU
		{93C29593-E368-498D-BFA4-C695E3FB6D39}.Debug|Any CPU.Build.0 = Debug|Any CPU
		{93C29593-E368-498D-BFA4-C695E3FB6D39}.Release|Any CPU.ActiveCfg = Release|Any CPU
		{93C29593-E368-498D-BFA4-C695E3FB6D39}.Release|Any CPU.Build.0 = Release|Any CPU
	EndGlobalSection
	GlobalSection(SolutionProperties) = preSolution
		HideSolutionNode = FALSE
	EndGlobalSection
	GlobalSection(ExtensibilityGlobals) = postSolution
		SolutionGuid = {92EA89E2-DEDC-479C-A33E-EE9D8ABC7612}
	EndGlobalSection
EndGlobal
